
Microsoft Visual Studio Solution File, Format Version 12.00
# Visual Studio 15
VisualStudioVersion = 15.0.27004.2006
MinimumVisualStudioVersion = 10.0.40219.1
Project("{FAE04EC0-301F-11D3-BF4B-00C04F79EFBC}") = "Database", "Database\Database.csproj", "{0C7724EC-AC5B-4289-9ED1-ADC391BEA453}"
EndProject
Global
	GlobalSection(SolutionConfigurationPlatforms) = preSolution
		Debug|Any CPU = Debug|Any CPU
		Release|Any CPU = Release|Any CPU
	EndGlobalSection
	GlobalSection(ProjectConfigurationPlatforms) = postSolution
		{0C7724EC-AC5B-4289-9ED1-ADC391BEA453}.Debug|Any CPU.ActiveCfg = Debug|Any CPU
		{0C7724EC-AC5B-4289-9ED1-ADC391BEA453}.Debug|Any CPU.Build.0 = Debug|Any CPU
		{0C7724EC-AC5B-4289-9ED1-ADC391BEA453}.Release|Any CPU.ActiveCfg = Release|Any CPU
		{0C7724EC-AC5B-4289-9ED1-ADC391BEA453}.Release|Any CPU.Build.0 = Release|Any CPU
	EndGlobalSection
	GlobalSection(SolutionProperties) = preSolution
		HideSolutionNode = FALSE
	EndGlobalSection
	GlobalSection(ExtensibilityGlobals) = postSolution
		SolutionGuid = {774CB022-6FCE-46CC-BA16-D6F42B5BA5EA}
	EndGlobalSection
EndGlobal
